
Microsoft Visual Studio Solution File, Format Version 12.00
# Visual Studio Version 16
VisualStudioVersion = 16.0.30204.135
MinimumVisualStudioVersion = 10.0.40219.1
Project("{FAE04EC0-301F-11D3-BF4B-00C04F79EFBC}") = "OopsChallenge", "OopsChallenge.csproj", "{83F45C21-52C8-4C12-BE57-44274FFB295A}"
EndProject
Global
	GlobalSection(SolutionConfigurationPlatforms) = preSolution
		Debug|Any CPU = Debug|Any CPU
		Release|Any CPU = Release|Any CPU
	EndGlobalSection
	GlobalSection(ProjectConfigurationPlatforms) = postSolution
		{83F45C21-52C8-4C12-BE57-44274FFB295A}.Debug|Any CPU.ActiveCfg = Debug|Any CPU
		{83F45C21-52C8-4C12-BE57-44274FFB295A}.Debug|Any CPU.Build.0 = Debug|Any CPU
		{83F45C21-52C8-4C12-BE57-44274FFB295A}.Release|Any CPU.ActiveCfg = Release|Any CPU
		{83F45C21-52C8-4C12-BE57-44274FFB295A}.Release|Any CPU.Build.0 = Release|Any CPU
	EndGlobalSection
	GlobalSection(SolutionProperties) = preSolution
		HideSolutionNode = FALSE
	EndGlobalSection
	GlobalSection(ExtensibilityGlobals) = postSolution
		SolutionGuid = {00DD9A2A-E169-4F69-9E6F-68CFEF24CED9}
	EndGlobalSection
EndGlobal
